
Microsoft Visual Studio Solution File, Format Version 12.00
# Visual Studio Version 17
VisualStudioVersion = 17.14.36109.1 d17.14
MinimumVisualStudioVersion = 10.0.40219.1
Project("{FAE04EC0-301F-11D3-BF4B-00C04F79EFBC}") = "WebApplication1", "WebApplication1\WebApplication1.csproj", "{EFFC39F7-7261-4AAE-8BDB-040D0AD0D850}"
EndProject
Global
	GlobalSection(SolutionConfigurationPlatforms) = preSolution
		Debug|Any CPU = Debug|Any CPU
		Release|Any CPU = Release|Any CPU
	EndGlobalSection
	GlobalSection(ProjectConfigurationPlatforms) = postSolution
		{EFFC39F7-7261-4AAE-8BDB-040D0AD0D850}.Debug|Any CPU.ActiveCfg = Debug|Any CPU
		{EFFC39F7-7261-4AAE-8BDB-040D0AD0D850}.Debug|Any CPU.Build.0 = Debug|Any CPU
		{EFFC39F7-7261-4AAE-8BDB-040D0AD0D850}.Release|Any CPU.ActiveCfg = Release|Any CPU
		{EFFC39F7-7261-4AAE-8BDB-040D0AD0D850}.Release|Any CPU.Build.0 = Release|Any CPU
	EndGlobalSection
	GlobalSection(SolutionProperties) = preSolution
		HideSolutionNode = FALSE
	EndGlobalSection
	GlobalSection(ExtensibilityGlobals) = postSolution
		SolutionGuid = {D265C62C-F0E9-4DCD-A31D-DBD6859AF1CD}
	EndGlobalSection
EndGlobal
